
Microsoft Visual Studio Solution File, Format Version 12.00
# Visual Studio Version 17
VisualStudioVersion = 17.9.34607.119
MinimumVisualStudioVersion = 10.0.40219.1
Project("{2150E333-8FDC-42A3-9474-1A3956D46DE8}") = "Tests", "Tests", "{49D40A60-5C9B-49C1-947E-18D07E5A5F73}"
EndProject
Project("{2150E333-8FDC-42A3-9474-1A3956D46DE8}") = "README", "README", "{FF34D9C8-203E-4214-88D6-8EDF2146EA5B}"
	ProjectSection(SolutionItems) = preProject
		..\README.md = ..\README.md
	EndProjectSection
EndProject
Project("{9A19103F-16F7-4668-BE54-9A1E7A4F7556}") = "SFA.DAS.EmployerFeedback.Web", "SFA.DAS.EmployerFeedback.Web\SFA.DAS.EmployerFeedback.Web.csproj", "{DC89C737-D84F-4531-A0EA-E3AF1BFBD3C0}"
EndProject
Project("{9A19103F-16F7-4668-BE54-9A1E7A4F7556}") = "SFA.DAS.EmployerFeedback.Infrastructure", "SFA.DAS.EmployerFeedback.Infrastructure\SFA.DAS.EmployerFeedback.Infrastructure.csproj", "{E1486581-824F-4663-8F37-F9FFF5ECD25A}"
EndProject
Project("{2150E333-8FDC-42A3-9474-1A3956D46DE8}") = "Solution Items", "Solution Items", "{10964E4C-0272-40E1-B51D-7992745D9A45}"
	ProjectSection(SolutionItems) = preProject
		.editorconfig = .editorconfig
	EndProjectSection
EndProject
Project("{9A19103F-16F7-4668-BE54-9A1E7A4F7556}") = "SFA.DAS.EmployerFeedback.Web.UnitTests", "SFA.DAS.EmployerFeedback.Web.UnitTests\SFA.DAS.EmployerFeedback.Web.UnitTests.csproj", "{148191FB-3414-4EA1-8D1A-20B7E30FB413}"
EndProject
Project("{9A19103F-16F7-4668-BE54-9A1E7A4F7556}") = "SFA.DAS.EmployerFeedback.Domain", "SFA.DAS.EmployerFeedback.Domain\SFA.DAS.EmployerFeedback.Domain.csproj", "{9B5188A4-EC0E-4208-83F8-8B36EFE727AE}"
EndProject
Project("{9A19103F-16F7-4668-BE54-9A1E7A4F7556}") = "SFA.DAS.EmployerFeedback.Infrastructure.UnitTests", "SFA.DAS.EmployerFeedback.Infrastructure.UnitTests\SFA.DAS.EmployerFeedback.Infrastructure.UnitTests.csproj", "{BDCB99DE-2B83-4D28-991A-AA54AC10FEC3}"
EndProject
Project("{FAE04EC0-301F-11D3-BF4B-00C04F79EFBC}") = "SFA.DAS.EmployerFeedback.TestHelper", "SFA.DAS.EmployerFeedback.TestHelper\SFA.DAS.EmployerFeedback.TestHelper.csproj", "{6A94C89F-9AAD-4A2E-8C9C-5CBAD4522072}"
EndProject
Project("{FAE04EC0-301F-11D3-BF4B-00C04F79EFBC}") = "SFA.DAS.EmployerFeedback.Application", "SFA.DAS.EmployerFeedback.Application\SFA.DAS.EmployerFeedback.Application.csproj", "{68CF3077-EA95-4198-BDD0-FFD72C628D5C}"
EndProject
Project("{FAE04EC0-301F-11D3-BF4B-00C04F79EFBC}") = "SFA.DAS.EmployerFeedback.Application.UnitTests", "SFA.DAS.EmployerFeedback.Application.UnitTests\SFA.DAS.EmployerFeedback.Application.UnitTests.csproj", "{ED9B3ADC-AD67-43D9-BB64-6230BAC21BA4}"
EndProject
Global
	GlobalSection(SolutionConfigurationPlatforms) = preSolution
		Debug|Any CPU = Debug|Any CPU
		Release|Any CPU = Release|Any CPU
	EndGlobalSection
	GlobalSection(ProjectConfigurationPlatforms) = postSolution
		{DC89C737-D84F-4531-A0EA-E3AF1BFBD3C0}.Debug|Any CPU.ActiveCfg = Debug|Any CPU
		{DC89C737-D84F-4531-A0EA-E3AF1BFBD3C0}.Debug|Any CPU.Build.0 = Debug|Any CPU
		{DC89C737-D84F-4531-A0EA-E3AF1BFBD3C0}.Release|Any CPU.ActiveCfg = Release|Any CPU
		{DC89C737-D84F-4531-A0EA-E3AF1BFBD3C0}.Release|Any CPU.Build.0 = Release|Any CPU
		{E1486581-824F-4663-8F37-F9FFF5ECD25A}.Debug|Any CPU.ActiveCfg = Debug|Any CPU
		{E1486581-824F-4663-8F37-F9FFF5ECD25A}.Debug|Any CPU.Build.0 = Debug|Any CPU
		{E1486581-824F-4663-8F37-F9FFF5ECD25A}.Release|Any CPU.ActiveCfg = Release|Any CPU
		{E1486581-824F-4663-8F37-F9FFF5ECD25A}.Release|Any CPU.Build.0 = Release|Any CPU
		{148191FB-3414-4EA1-8D1A-20B7E30FB413}.Debug|Any CPU.ActiveCfg = Debug|Any CPU
		{148191FB-3414-4EA1-8D1A-20B7E30FB413}.Debug|Any CPU.Build.0 = Debug|Any CPU
		{148191FB-3414-4EA1-8D1A-20B7E30FB413}.Release|Any CPU.ActiveCfg = Release|Any CPU
		{148191FB-3414-4EA1-8D1A-20B7E30FB413}.Release|Any CPU.Build.0 = Release|Any CPU
		{9B5188A4-EC0E-4208-83F8-8B36EFE727AE}.Debug|Any CPU.ActiveCfg = Debug|Any CPU
		{9B5188A4-EC0E-4208-83F8-8B36EFE727AE}.Debug|Any CPU.Build.0 = Debug|Any CPU
		{9B5188A4-EC0E-4208-83F8-8B36EFE727AE}.Release|Any CPU.ActiveCfg = Release|Any CPU
		{9B5188A4-EC0E-4208-83F8-8B36EFE727AE}.Release|Any CPU.Build.0 = Release|Any CPU
		{BDCB99DE-2B83-4D28-991A-AA54AC10FEC3}.Debug|Any CPU.ActiveCfg = Debug|Any CPU
		{BDCB99DE-2B83-4D28-991A-AA54AC10FEC3}.Debug|Any CPU.Build.0 = Debug|Any CPU
		{BDCB99DE-2B83-4D28-991A-AA54AC10FEC3}.Release|Any CPU.ActiveCfg = Release|Any CPU
		{BDCB99DE-2B83-4D28-991A-AA54AC10FEC3}.Release|Any CPU.Build.0 = Release|Any CPU
		{6A94C89F-9AAD-4A2E-8C9C-5CBAD4522072}.Debug|Any CPU.ActiveCfg = Debug|Any CPU
		{6A94C89F-9AAD-4A2E-8C9C-5CBAD4522072}.Debug|Any CPU.Build.0 = Debug|Any CPU
		{6A94C89F-9AAD-4A2E-8C9C-5CBAD4522072}.Release|Any CPU.ActiveCfg = Release|Any CPU
		{6A94C89F-9AAD-4A2E-8C9C-5CBAD4522072}.Release|Any CPU.Build.0 = Release|Any CPU
		{68CF3077-EA95-4198-BDD0-FFD72C628D5C}.Debug|Any CPU.ActiveCfg = Debug|Any CPU
		{68CF3077-EA95-4198-BDD0-FFD72C628D5C}.Debug|Any CPU.Build.0 = Debug|Any CPU
		{68CF3077-EA95-4198-BDD0-FFD72C628D5C}.Release|Any CPU.ActiveCfg = Release|Any CPU
		{68CF3077-EA95-4198-BDD0-FFD72C628D5C}.Release|Any CPU.Build.0 = Release|Any CPU
		{ED9B3ADC-AD67-43D9-BB64-6230BAC21BA4}.Debug|Any CPU.ActiveCfg = Debug|Any CPU
		{ED9B3ADC-AD67-43D9-BB64-6230BAC21BA4}.Debug|Any CPU.Build.0 = Debug|Any CPU
		{ED9B3ADC-AD67-43D9-BB64-6230BAC21BA4}.Release|Any CPU.ActiveCfg = Release|Any CPU
		{ED9B3ADC-AD67-43D9-BB64-6230BAC21BA4}.Release|Any CPU.Build.0 = Release|Any CPU
	EndGlobalSection
	GlobalSection(SolutionProperties) = preSolution
		HideSolutionNode = FALSE
	EndGlobalSection
	GlobalSection(NestedProjects) = preSolution
		{148191FB-3414-4EA1-8D1A-20B7E30FB413} = {49D40A60-5C9B-49C1-947E-18D07E5A5F73}
		{BDCB99DE-2B83-4D28-991A-AA54AC10FEC3} = {49D40A60-5C9B-49C1-947E-18D07E5A5F73}
		{6A94C89F-9AAD-4A2E-8C9C-5CBAD4522072} = {49D40A60-5C9B-49C1-947E-18D07E5A5F73}
		{ED9B3ADC-AD67-43D9-BB64-6230BAC21BA4} = {49D40A60-5C9B-49C1-947E-18D07E5A5F73}
	EndGlobalSection
	GlobalSection(ExtensibilityGlobals) = postSolution
		SolutionGuid = {5269BF15-B665-45BF-B034-C3B78B800BE2}
	EndGlobalSection
EndGlobal
